Microsoft Visual Studio Solution File, Format Version 12.00
# Visual Studio Version 17
VisualStudioVersion = 17.5.2.0
MinimumVisualStudioVersion = 10.0.40219.1
Project("{FAE04EC0-301F-11D3-BF4B-00C04F79EFBC}") = "LauraLesson", "LauraLesson.csproj", "{195782C3-9027-84DE-7B8C-087DDC9847CB}"
EndProject
Global
	GlobalSection(SolutionConfigurationPlatforms) = preSolution
		Debug|Any CPU = Debug|Any CPU
		Release|Any CPU = Release|Any CPU
	EndGlobalSection
	GlobalSection(ProjectConfigurationPlatforms) = postSolution
		{195782C3-9027-84DE-7B8C-087DDC9847CB}.Debug|Any CPU.ActiveCfg = Debug|Any CPU
		{195782C3-9027-84DE-7B8C-087DDC9847CB}.Debug|Any CPU.Build.0 = Debug|Any CPU
		{195782C3-9027-84DE-7B8C-087DDC9847CB}.Release|Any CPU.ActiveCfg = Release|Any CPU
		{195782C3-9027-84DE-7B8C-087DDC9847CB}.Release|Any CPU.Build.0 = Release|Any CPU
	EndGlobalSection
	GlobalSection(SolutionProperties) = preSolution
		HideSolutionNode = FALSE
	EndGlobalSection
	GlobalSection(ExtensibilityGlobals) = postSolution
		SolutionGuid = {30E8A12D-DB41-4957-B6EB-D7CCE8BDA9F4}
	EndGlobalSection
EndGlobal
